
Microsoft Visual Studio Solution File, Format Version 12.00
# Visual Studio Version 16
VisualStudioVersion = 16.0.29123.88
MinimumVisualStudioVersion = 10.0.40219.1
Project("{FAE04EC0-301F-11D3-BF4B-00C04F79EFBC}") = "FeelAtHomeRestaurant", "FeelAtHomeRestaurant.csproj", "{5ADF9302-CCDF-4C57-AF70-4DA5980D0E8C}"
EndProject
Global
	GlobalSection(SolutionConfigurationPlatforms) = preSolution
		Debug|Any CPU = Debug|Any CPU
		Release|Any CPU = Release|Any CPU
	EndGlobalSection
	GlobalSection(ProjectConfigurationPlatforms) = postSolution
		{5ADF9302-CCDF-4C57-AF70-4DA5980D0E8C}.Debug|Any CPU.ActiveCfg = Debug|Any CPU
		{5ADF9302-CCDF-4C57-AF70-4DA5980D0E8C}.Debug|Any CPU.Build.0 = Debug|Any CPU
		{5ADF9302-CCDF-4C57-AF70-4DA5980D0E8C}.Release|Any CPU.ActiveCfg = Release|Any CPU
		{5ADF9302-CCDF-4C57-AF70-4DA5980D0E8C}.Release|Any CPU.Build.0 = Release|Any CPU
	EndGlobalSection
	GlobalSection(SolutionProperties) = preSolution
		HideSolutionNode = FALSE
	EndGlobalSection
	GlobalSection(ExtensibilityGlobals) = postSolution
		SolutionGuid = {7965D48E-A230-46C1-862D-13CF9CBDFA41}
	EndGlobalSection
EndGlobal
